# This file is automatically @generated by Poetry 2.2.1 and should not be changed by hand.

[[package]]
name = "pywinpty"
version = "3.0.2"
description = "Pseudo terminal support for Windows from Python."
optional = false
python-versions = ">=3.9"
groups = ["main"]
files = [
    {file = "pywinpty-3.0.2-cp310-cp310-win_amd64.whl", hash = "sha256:65db57fd3387d71e8372b6a54269cbcd0f6dfa6d4616a29e0af749ec19f5c558"},
    {file = "pywinpty-3.0.2-cp311-cp311-win_amd64.whl", hash = "sha256:327790d70e4c841ebd9d0f295a780177149aeb405bca44c7115a3de5c2054b23"},
    {file = "pywinpty-3.0.2-cp312-cp312-win_amd64.whl", hash = "sha256:99fdd9b455f0ad6419aba6731a7a0d2f88ced83c3c94a80ff9533d95fa8d8a9e"},
    {file = "pywinpty-3.0.2-cp313-cp313-win_amd64.whl", hash = "sha256:18f78b81e4cfee6aabe7ea8688441d30247b73e52cd9657138015c5f4ee13a51"},
    {file = "pywinpty-3.0.2-cp313-cp313t-win_amd64.whl", hash = "sha256:663383ecfab7fc382cc97ea5c4f7f0bb32c2f889259855df6ea34e5df42d305b"},
    {file = "pywinpty-3.0.2-cp314-cp314-win_amd64.whl", hash = "sha256:28297cecc37bee9f24d8889e47231972d6e9e84f7b668909de54f36ca785029a"},
    {file = "pywinpty-3.0.2-cp314-cp314t-win_amd64.whl", hash = "sha256:34b55ae9a1b671fe3eae071d86618110538e8eaad18fcb1531c0830b91a82767"},
    {file = "pywinpty-3.0.2-cp39-cp39-win_amd64.whl", hash = "sha256:3962daf801bc38dd4de872108c424b5338c9a46c6efca5761854cd66370a9022"},
    {file = "pywinpty-3.0.2.tar.gz", hash = "sha256:1505cc4cb248af42cb6285a65c9c2086ee9e7e574078ee60933d5d7fa86fb004"},
]

[[package]]
name = "tzdata"
version = "2025.3"
description = "Provider of IANA time zone data"
optional = false
python-versions = ">=2"
groups = ["main"]
files = [
    {file = "tzdata-2025.3-py2.py3-none-any.whl", hash = "sha256:06a47e5700f3081aab02b2e513160914ff0694bce9947d6b76ebd6bf57cfc5d1"},
    {file = "tzdata-2025.3.tar.gz", hash = "sha256:de39c2ca5dc7b0344f2eba86f49d614019d29f060fc4ebc8a417896a620b56a7"},
]

[metadata]
lock-version = "2.1"
python-versions = "^3.10"
content-hash = "57cb9fe4fcf0fe22d99f8f146f1e293df60bcd1b33610d0af19382c7f4e7d9a9"
